
Microsoft Visual Studio Solution File, Format Version 12.00
# Visual Studio 2013
VisualStudioVersion = 12.0.30501.0
MinimumVisualStudioVersion = 10.0.40219.1
Project("{FAE04EC0-301F-11D3-BF4B-00C04F79EFBC}") = "Nova.NovaWeb.McGo.Platform", "Nova.NovaWeb.McGo.Platform\Nova.NovaWeb.McGo.Platform.csproj", "{D8D93092-A280-4E0E-8D31-F7AA6AEB800D}"
EndProject
Project("{FAE04EC0-301F-11D3-BF4B-00C04F79EFBC}") = "Nova.NovaWeb.McGo.Windows.Test", "Nova.NovaWeb.McGo.Windows.Test\Nova.NovaWeb.McGo.Windows.Test.csproj", "{CF94A11E-F3C0-4ECD-BB96-04914DA32010}"
EndProject
Project("{FAE04EC0-301F-11D3-BF4B-00C04F79EFBC}") = "Nova.NovaWeb.McGo.Windows", "Nova.NovaWeb.McGo.Windows\Nova.NovaWeb.McGo.Windows.csproj", "{23269920-496E-42FB-B951-5127581925FE}"
EndProject
Project("{FAE04EC0-301F-11D3-BF4B-00C04F79EFBC}") = "Nova.NovaWeb.McGo.Themes", "Nova.NovaWeb.McGo.Themes\Nova.NovaWeb.McGo.Themes.csproj", "{832060B8-DE2E-42DD-8F02-2E2DBF90676B}"
EndProject
Project("{FAE04EC0-301F-11D3-BF4B-00C04F79EFBC}") = "Nova.NovaWeb.McGo.BLL", "Nova.NovaWeb.McGo.BLL\Nova.NovaWeb.McGo.BLL.csproj", "{EA1348A4-BCD6-4F36-9137-FEC454509365}"
EndProject
Project("{FAE04EC0-301F-11D3-BF4B-00C04F79EFBC}") = "Nova.NovaWeb.McGo.DAL", "Nova.NovaWeb.McGo.DAL\Nova.NovaWeb.McGo.DAL.csproj", "{5874D065-74DA-464B-89D7-1D39FE023F62}"
EndProject
Project("{FAE04EC0-301F-11D3-BF4B-00C04F79EFBC}") = "Nova.NovaWeb.McGo.Common", "Nova.NovaWeb.McGo.Common\Nova.NovaWeb.McGo.Common.csproj", "{D1A38015-45F1-4891-8DBD-570899669344}"
EndProject
Project("{2150E333-8FDC-42A3-9474-1A3956D46DE8}") = "Common", "Common", "{CD49A971-BE4B-4C91-ACA8-8F76BFF4F27F}"
EndProject
Project("{2150E333-8FDC-42A3-9474-1A3956D46DE8}") = "Client", "Client", "{57297B80-2457-403F-AF62-CACEBD9E3A67}"
EndProject
Project("{2150E333-8FDC-42A3-9474-1A3956D46DE8}") = "Modules", "Modules", "{6454C565-8D69-45E9-AE28-FB1B29B3D178}"
EndProject
Project("{2150E333-8FDC-42A3-9474-1A3956D46DE8}") = "Assemblies", "Assemblies", "{FC228619-3031-4831-866C-2C03456DCC8A}"
	ProjectSection(SolutionItems) = preProject
		Lib\AESEncryption.dll = Lib\AESEncryption.dll
		Lib\Aspose.Words.dll = Lib\Aspose.Words.dll
		Lib\AxInterop.ShockwaveFlashObjects.dll = Lib\AxInterop.ShockwaveFlashObjects.dll
		Lib\AxInterop.WMPLib.dll = Lib\AxInterop.WMPLib.dll
		Lib\BarChart.dll = Lib\BarChart.dll
		Lib\BetterWpfControls.dll = Lib\BetterWpfControls.dll
		Lib\BinaryComponents.SuperList.dll = Lib\BinaryComponents.SuperList.dll
		Lib\ColorButton-new.dll = Lib\ColorButton-new.dll
		Lib\ColorButton.dll = Lib\ColorButton.dll
		Lib\DevComponents.DotNetBar2.dll = Lib\DevComponents.DotNetBar2.dll
		Lib\GalaSoft.MvvmLight.Extras.WPF4.dll = Lib\GalaSoft.MvvmLight.Extras.WPF4.dll
		Lib\GalaSoft.MvvmLight.WPF4.dll = Lib\GalaSoft.MvvmLight.WPF4.dll
		Lib\HardwareStatusAlarmAnalyzer.dll = Lib\HardwareStatusAlarmAnalyzer.dll
		Lib\hasp_net_windows.dll = Lib\hasp_net_windows.dll
		Lib\ICSharpCode.SharpZipLib.dll = Lib\ICSharpCode.SharpZipLib.dll
		Lib\ImageDownload.dll = Lib\ImageDownload.dll
		Lib\InquireCommandLib.MVVMLight.dll = Lib\InquireCommandLib.MVVMLight.dll
		Lib\InquireCommandLib.WPF.dll = Lib\InquireCommandLib.WPF.dll
		Lib\Interop.ADODB.dll = Lib\Interop.ADODB.dll
		Lib\Interop.ADOX.dll = Lib\Interop.ADOX.dll
		Lib\Interop.DeviceCaptureLib.dll = Lib\Interop.DeviceCaptureLib.dll
		Lib\Interop.Excel.dll = Lib\Interop.Excel.dll
		Lib\Interop.MediaPlayerLib.dll = Lib\Interop.MediaPlayerLib.dll
		Lib\Interop.Microsoft.Office.Core.dll = Lib\Interop.Microsoft.Office.Core.dll
		Lib\Interop.PowerPoint.dll = Lib\Interop.PowerPoint.dll
		Lib\Interop.ShockwaveFlashObjects.dll = Lib\Interop.ShockwaveFlashObjects.dll
		Lib\Interop.VBIDE.dll = Lib\Interop.VBIDE.dll
		Lib\Interop.WMPLib.dll = Lib\Interop.WMPLib.dll
		Lib\Interop.Word.dll = Lib\Interop.Word.dll
		Lib\log4net.dll = Lib\log4net.dll
		Lib\Loya.Dameer.dll = Lib\Loya.Dameer.dll
		Lib\ManagedZLib.dll = Lib\ManagedZLib.dll
		Lib\MediaPlayer.dll = Lib\MediaPlayer.dll
		Lib\mencoder.exe = Lib\mencoder.exe
		Lib\Microsoft.DirectX.DirectDraw.dll = Lib\Microsoft.DirectX.DirectDraw.dll
		Lib\Microsoft.DirectX.dll = Lib\Microsoft.DirectX.dll
		Lib\Microsoft.Expression.Interactions.dll = Lib\Microsoft.Expression.Interactions.dll
		Lib\Microsoft.Practices.ServiceLocation.dll = Lib\Microsoft.Practices.ServiceLocation.dll
		Lib\Microsoft.Practices.Unity.dll = Lib\Microsoft.Practices.Unity.dll
		Lib\MonitorData.dll = Lib\MonitorData.dll
		Lib\MonitorSysData.dll = Lib\MonitorSysData.dll
		Lib\msvcr71.dll = Lib\msvcr71.dll
		Lib\MT.WindowsUI.dll = Lib\MT.WindowsUI.dll
		Lib\Nova.Algorithms.CheckCodes.CRC.dll = Lib\Nova.Algorithms.CheckCodes.CRC.dll
		Lib\Nova.Algorithms.CheckCodes.MD5.dll = Lib\Nova.Algorithms.CheckCodes.MD5.dll
		Lib\Nova.Assistant.AssistantFunction.dll = Lib\Nova.Assistant.AssistantFunction.dll
		Lib\Nova.Class.TemAndHumBaseReader.dll = Lib\Nova.Class.TemAndHumBaseReader.dll
		Lib\Nova.Codec.KeyCodec.DataFileKeyCodec.dll = Lib\Nova.Codec.KeyCodec.DataFileKeyCodec.dll
		Lib\Nova.Control.Assist.MenuToolStripClicker.dll = Lib\Nova.Control.Assist.MenuToolStripClicker.dll
		Lib\Nova.Control.BasicGrid.dll = Lib\Nova.Control.BasicGrid.dll
		Lib\Nova.Control.CountDownTimer.dll = Lib\Nova.Control.CountDownTimer.dll
		Lib\Nova.Control.CrystalButton.dll = Lib\Nova.Control.CrystalButton.dll
		Lib\Nova.Control.CustomOrderdDataGridView.dll = Lib\Nova.Control.CustomOrderdDataGridView.dll
		Lib\Nova.Control.CustomToolTip.dll = Lib\Nova.Control.CustomToolTip.dll
		Lib\Nova.Control.DataGridViewColumnEx.dll = Lib\Nova.Control.DataGridViewColumnEx.dll
		Lib\Nova.Control.DetectedScannerGrid.dll = Lib\Nova.Control.DetectedScannerGrid.dll
		Lib\Nova.Control.DigAngClock.dll = Lib\Nova.Control.DigAngClock.dll
		Lib\Nova.Control.DoubleBufferControl.dll = Lib\Nova.Control.DoubleBufferControl.dll
		Lib\Nova.Control.DragDataGridView.dll = Lib\Nova.Control.DragDataGridView.dll
		Lib\Nova.Control.GifPlayer.dll = Lib\Nova.Control.GifPlayer.dll
		Lib\Nova.Control.GradualColorPanel.dll = Lib\Nova.Control.GradualColorPanel.dll
		Lib\Nova.Control.HideScrollBarWebBrowser.dll = Lib\Nova.Control.HideScrollBarWebBrowser.dll
		Lib\Nova.Control.HumitureDisplay.dll = Lib\Nova.Control.HumitureDisplay.dll
		Lib\Nova.Control.MediaPlayerEx.dll = Lib\Nova.Control.MediaPlayerEx.dll
		Lib\Nova.Control.NumberTextBox.dll = Lib\Nova.Control.NumberTextBox.dll
		Lib\Nova.Control.NumericUpDownWithoutNull.dll = Lib\Nova.Control.NumericUpDownWithoutNull.dll
		Lib\Nova.Control.Panel.DoubleBuffenPanel.dll = Lib\Nova.Control.Panel.DoubleBuffenPanel.dll
		Lib\Nova.Control.ProgressListView.dll = Lib\Nova.Control.ProgressListView.dll
		Lib\Nova.Control.RectangularGridLayout.dll = Lib\Nova.Control.RectangularGridLayout.dll
		Lib\Nova.Control.RectZoneEditBoard.dll = Lib\Nova.Control.RectZoneEditBoard.dll
		Lib\Nova.Control.RichCalendar.dll = Lib\Nova.Control.RichCalendar.dll
		Lib\Nova.Control.RichTextBoxEx.dll = Lib\Nova.Control.RichTextBoxEx.dll
		Lib\Nova.Control.ScannerSmokeGrid.dll = Lib\Nova.Control.ScannerSmokeGrid.dll
		Lib\Nova.Control.SeperatePanel.dll = Lib\Nova.Control.SeperatePanel.dll
		Lib\Nova.Control.StatusView.Assigner.dll = Lib\Nova.Control.StatusView.Assigner.dll
		Lib\Nova.Control.StatusView.AssignerTemperature.dll = Lib\Nova.Control.StatusView.AssignerTemperature.dll
		Lib\Nova.Control.StatusView.Humidity.dll = Lib\Nova.Control.StatusView.Humidity.dll
		Lib\Nova.Control.StatusView.ModulePointStatusView.dll = Lib\Nova.Control.StatusView.ModulePointStatusView.dll
		Lib\Nova.Control.StatusView.ScannerFanView.dll = Lib\Nova.Control.StatusView.ScannerFanView.dll
		Lib\Nova.Control.StatusView.ScannerPowerView.dll = Lib\Nova.Control.StatusView.ScannerPowerView.dll
		Lib\Nova.Control.StatusView.ScannerStatusView.dll = Lib\Nova.Control.StatusView.ScannerStatusView.dll
		Lib\Nova.Control.StatusView.Temperature.dll = Lib\Nova.Control.StatusView.Temperature.dll
		Lib\NoVa.Control.TimeDataGridViewControl.dll = Lib\NoVa.Control.TimeDataGridViewControl.dll
		Lib\Nova.Convert.ColorGradePartition.dll = Lib\Nova.Convert.ColorGradePartition.dll
		Lib\Nova.Convert.FileTransfer.dll = Lib\Nova.Convert.FileTransfer.dll
		Lib\Nova.Convert.PictureToImage.dll = Lib\Nova.Convert.PictureToImage.dll
		Lib\Nova.Converts.dll = Lib\Nova.Converts.dll
		Lib\Nova.Diagnostics.ExceptionHandle.dll = Lib\Nova.Diagnostics.ExceptionHandle.dll
		Lib\Nova.DirectShow.DeviceCapture.dll = Lib\Nova.DirectShow.DeviceCapture.dll
		Lib\Nova.Dispatch.MorePagePlaylistDispatcher.dll = Lib\Nova.Dispatch.MorePagePlaylistDispatcher.dll
		Lib\Nova.Dispatch.MorePagePlaylistDispatcher.xml = Lib\Nova.Dispatch.MorePagePlaylistDispatcher.xml
		Lib\Nova.Drawing.FontAdjuster.dll = Lib\Nova.Drawing.FontAdjuster.dll
		Lib\Nova.EditorUI.RtfMessageEditor.dll = Lib\Nova.EditorUI.RtfMessageEditor.dll
		Lib\Nova.Equipment.Protocol.TGProtocol.dll = Lib\Nova.Equipment.Protocol.TGProtocol.dll
		Lib\Nova.FilePlayers.PlayerForPagePlaylistFile.dll = Lib\Nova.FilePlayers.PlayerForPagePlaylistFile.dll
		Lib\Nova.FilePlayers.PlayerForPagePlaylistFile.xml = Lib\Nova.FilePlayers.PlayerForPagePlaylistFile.xml
		Lib\Nova.Files.GetFileType.dll = Lib\Nova.Files.GetFileType.dll
		Lib\Nova.Flash.FlashInfo.dll = Lib\Nova.Flash.FlashInfo.dll
		Lib\Nova.Globalization.dll = Lib\Nova.Globalization.dll
		Lib\Nova.Hardware.DetctPointInfoCompression.dll = Lib\Nova.Hardware.DetctPointInfoCompression.dll
		Lib\Nova.Hardware.DetctPointInfoCompression.pdb = Lib\Nova.Hardware.DetctPointInfoCompression.pdb
		Lib\Nova.Hardware.HardwareStatusManagerCompression.dll = Lib\Nova.Hardware.HardwareStatusManagerCompression.dll
		Lib\Nova.Hardware.HardwareStatusManagerCompression.pdb = Lib\Nova.Hardware.HardwareStatusManagerCompression.pdb
		Lib\Nova.Hardware.ThirdLedDisplayInfoCompression.dll = Lib\Nova.Hardware.ThirdLedDisplayInfoCompression.dll
		Lib\Nova.IO.Port.ICommProcessorBase.dll = Lib\Nova.IO.Port.ICommProcessorBase.dll
		Lib\Nova.LCT.GigabitSystem.CommonInfoAccessor.dll = Lib\Nova.LCT.GigabitSystem.CommonInfoAccessor.dll
		Lib\Nova.LCT.GigabitSystem.ConfigDVIEncryptInfo.dll = Lib\Nova.LCT.GigabitSystem.ConfigDVIEncryptInfo.dll
		Lib\Nova.LCT.GigabitSystem.DataClass.dll = Lib\Nova.LCT.GigabitSystem.DataClass.dll
		Lib\Nova.LCT.GigabitSystem.DVIEncryptCommonInfo.dll = Lib\Nova.LCT.GigabitSystem.DVIEncryptCommonInfo.dll
		Lib\Nova.LCT.GigabitSystem.HWMonitorDisplay.dll = Lib\Nova.LCT.GigabitSystem.HWMonitorDisplay.dll
		Lib\Nova.LCT.GigabitSystem.HWStatusMonitor.dll = Lib\Nova.LCT.GigabitSystem.HWStatusMonitor.dll
		Lib\Nova.LCT.GigabitSystem.ProtocolEnum.dll = Lib\Nova.LCT.GigabitSystem.ProtocolEnum.dll
		Lib\Nova.LCT.GigabitSystem.ReadSBParameters.dll = Lib\Nova.LCT.GigabitSystem.ReadSBParameters.dll
		Lib\Nova.LCT.GigabitSystem.SenderStatusDisplay.dll = Lib\Nova.LCT.GigabitSystem.SenderStatusDisplay.dll
		Lib\Nova.LCT.GigabitSystem.SupperDisplayConstruct.dll = Lib\Nova.LCT.GigabitSystem.SupperDisplayConstruct.dll
		Lib\Nova.LCT.GigabitSystem.UI.ScreenMonitorDataViewer.dll = Lib\Nova.LCT.GigabitSystem.UI.ScreenMonitorDataViewer.dll
		Lib\Nova.LCT.Parse.HardwareInfo.dll = Lib\Nova.LCT.Parse.HardwareInfo.dll
		Lib\Nova.LCT.UI.StatusViewUI.dll = Lib\Nova.LCT.UI.StatusViewUI.dll
		Lib\Nova.MD5.MD5Data.dll = Lib\Nova.MD5.MD5Data.dll
		Lib\Nova.MD5.PlaylistMD5Builder.dll = Lib\Nova.MD5.PlaylistMD5Builder.dll
		Lib\Nova.MD5.PlaylistMD5Builder.xml = Lib\Nova.MD5.PlaylistMD5Builder.xml
		Lib\Nova.MD5.PlayProgramMD5Builder.dll = Lib\Nova.MD5.PlayProgramMD5Builder.dll
		Lib\Nova.MD5.PlayProgramMD5Builder.xml = Lib\Nova.MD5.PlayProgramMD5Builder.xml
		Lib\Nova.MD5.PlutoPlayProgramMD5Builder.dll = Lib\Nova.MD5.PlutoPlayProgramMD5Builder.dll
		Lib\Nova.Media.Convertor.dll = Lib\Nova.Media.Convertor.dll
		Lib\Nova.MediaItem.dll = Lib\Nova.MediaItem.dll
		Lib\Nova.Net.Ftp.FtpClient.dll = Lib\Nova.Net.Ftp.FtpClient.dll
		Lib\Nova.Net.Http.HttpClient.dll = Lib\Nova.Net.Http.HttpClient.dll
		Lib\Nova.Net.Mail.MailSender.dll = Lib\Nova.Net.Mail.MailSender.dll
		Lib\Nova.Net.NetGetWeather.dll = Lib\Nova.Net.NetGetWeather.dll
		Lib\Nova.Net.NetGetWeather.XmlSerializers.dll = Lib\Nova.Net.NetGetWeather.XmlSerializers.dll
		Lib\Nova.Net.VPNHelper.dll = Lib\Nova.Net.VPNHelper.dll
		Lib\Nova.NovaWeb.2012PlaylistSchedualParser.dll = Lib\Nova.NovaWeb.2012PlaylistSchedualParser.dll
		Lib\Nova.NovaWeb.2012PlaylistSchedualParser.xml = Lib\Nova.NovaWeb.2012PlaylistSchedualParser.xml
		Lib\Nova.NovaWeb.2012PlayLogTransmitter.dll = Lib\Nova.NovaWeb.2012PlayLogTransmitter.dll
		Lib\Nova.NovaWeb.AlarmView.dll = Lib\Nova.NovaWeb.AlarmView.dll
		Lib\Nova.NovaWeb.CommandControl.dll = Lib\Nova.NovaWeb.CommandControl.dll
		Lib\Nova.NovaWeb.CommandParametersParser.dll = Lib\Nova.NovaWeb.CommandParametersParser.dll
		Lib\Nova.NovaWeb.Common.dll = Lib\Nova.NovaWeb.Common.dll
		Lib\Nova.NovaWeb.Common.pdb = Lib\Nova.NovaWeb.Common.pdb
		Lib\Nova.NovaWeb.Control.UC_terminalConfig.dll = Lib\Nova.NovaWeb.Control.UC_terminalConfig.dll
		Lib\Nova.NovaWeb.Control.UC_TerminalDisplay.dll = Lib\Nova.NovaWeb.Control.UC_TerminalDisplay.dll
		Lib\Nova.NovaWeb.Control.UC_TerminalList.dll = Lib\Nova.NovaWeb.Control.UC_TerminalList.dll
		Lib\Nova.NovaWeb.Control.UC_TerminalList_Config.dll = Lib\Nova.NovaWeb.Control.UC_TerminalList_Config.dll
		Lib\Nova.NovaWeb.ConvertedPlayProgramModify.dll = Lib\Nova.NovaWeb.ConvertedPlayProgramModify.dll
		Lib\Nova.NovaWeb.DBHelper.dll = Lib\Nova.NovaWeb.DBHelper.dll
		Lib\Nova.NovaWeb.EmergencyMsg.dll = Lib\Nova.NovaWeb.EmergencyMsg.dll
		Lib\Nova.NovaWeb.EmergencyPlaylist.dll = Lib\Nova.NovaWeb.EmergencyPlaylist.dll
		Lib\Nova.NovaWeb.EmergencyPlaylist.pdb = Lib\Nova.NovaWeb.EmergencyPlaylist.pdb
		Lib\Nova.NovaWeb.EmergencyPlaylistWithMediaLib.dll = Lib\Nova.NovaWeb.EmergencyPlaylistWithMediaLib.dll
		Lib\Nova.NovaWeb.EmergencyPlaylistWithMediaLib.dll.config = Lib\Nova.NovaWeb.EmergencyPlaylistWithMediaLib.dll.config
		Lib\Nova.NovaWeb.EmergencyPlaylistWithMediaLib.pdb = Lib\Nova.NovaWeb.EmergencyPlaylistWithMediaLib.pdb
		Lib\Nova.NovaWeb.EncryptStatusInquireProtocolParser.dll = Lib\Nova.NovaWeb.EncryptStatusInquireProtocolParser.dll
		Lib\Nova.NovaWeb.FileSetTransmitter.dll = Lib\Nova.NovaWeb.FileSetTransmitter.dll
		Lib\Nova.NovaWeb.FileSetTransmitter.xml = Lib\Nova.NovaWeb.FileSetTransmitter.xml
		Lib\Nova.NovaWeb.FontStyle.dll = Lib\Nova.NovaWeb.FontStyle.dll
		Lib\Nova.NovaWeb.HardwareStatusAnalyzer.dll = Lib\Nova.NovaWeb.HardwareStatusAnalyzer.dll
		Lib\Nova.NovaWeb.ICustomRecourseControl.dll = Lib\Nova.NovaWeb.ICustomRecourseControl.dll
		Lib\Nova.NovaWeb.LangPathConfigParser.dll = Lib\Nova.NovaWeb.LangPathConfigParser.dll
		Lib\Nova.NovaWeb.ListTransmitter.dll = Lib\Nova.NovaWeb.ListTransmitter.dll
		Lib\Nova.NovaWeb.ListTransmitter.xml = Lib\Nova.NovaWeb.ListTransmitter.xml
		Lib\Nova.NovaWeb.ListTransmitter2013.dll = Lib\Nova.NovaWeb.ListTransmitter2013.dll
		Lib\Nova.NovaWeb.McGo.BLL.dll = Lib\Nova.NovaWeb.McGo.BLL.dll
		Lib\Nova.NovaWeb.McGo.Common.dll = Lib\Nova.NovaWeb.McGo.Common.dll
		Lib\Nova.NovaWeb.MD5.PlaylistMD5Builder2013.dll = Lib\Nova.NovaWeb.MD5.PlaylistMD5Builder2013.dll
		Lib\Nova.NovaWeb.MD5.PlayProgramMD5Builder2013.dll = Lib\Nova.NovaWeb.MD5.PlayProgramMD5Builder2013.dll
		Lib\Nova.NovaWeb.MD5.PlutoPlayProgramMD5Builder2013.dll = Lib\Nova.NovaWeb.MD5.PlutoPlayProgramMD5Builder2013.dll
		Lib\Nova.NovaWeb.MD5.SingleFileMD5Checker.dll = Lib\Nova.NovaWeb.MD5.SingleFileMD5Checker.dll
		Lib\Nova.NovaWeb.MediaInquire.dll = Lib\Nova.NovaWeb.MediaInquire.dll
		Lib\Nova.NovaWeb.MeidaUpdate.dll = Lib\Nova.NovaWeb.MeidaUpdate.dll
		Lib\Nova.NovaWeb.NovaWebMonitor.frmViewMonitor.dll = Lib\Nova.NovaWeb.NovaWebMonitor.frmViewMonitor.dll
		Lib\Nova.NovaWeb.OperatePlatform.ReadHaspMemory.dll = Lib\Nova.NovaWeb.OperatePlatform.ReadHaspMemory.dll
		Lib\Nova.NovaWeb.OperationCommon.ConfigParser.dll = Lib\Nova.NovaWeb.OperationCommon.ConfigParser.dll
		Lib\Nova.NovaWeb.OperationCommon.ConfigParser.pdb = Lib\Nova.NovaWeb.OperationCommon.ConfigParser.pdb
		Lib\Nova.NovaWeb.PlayHelper.dll = Lib\Nova.NovaWeb.PlayHelper.dll
		Lib\Nova.NovaWeb.PlayHelper.tmp = Lib\Nova.NovaWeb.PlayHelper.tmp
		Lib\Nova.NovaWeb.PlayHelper.xml = Lib\Nova.NovaWeb.PlayHelper.xml
		Lib\Nova.NovaWeb.PlaylistEditor.dll = Lib\Nova.NovaWeb.PlaylistEditor.dll
		Lib\Nova.NovaWeb.PlaylistInquire.dll = Lib\Nova.NovaWeb.PlaylistInquire.dll
		Lib\Nova.NovaWeb.PlaylistPublish.dll = Lib\Nova.NovaWeb.PlaylistPublish.dll
		Lib\Nova.NovaWeb.PlaylistPublishWithMediaLib.dll = Lib\Nova.NovaWeb.PlaylistPublishWithMediaLib.dll
		Lib\Nova.NovaWeb.PlaylistTransmitter.dll = Lib\Nova.NovaWeb.PlaylistTransmitter.dll
		Lib\Nova.NovaWeb.PlaylistTransmitter.xml = Lib\Nova.NovaWeb.PlaylistTransmitter.xml
		Lib\Nova.NovaWeb.PlaylistTransmitter2013.dll = Lib\Nova.NovaWeb.PlaylistTransmitter2013.dll
		Lib\Nova.NovaWeb.PlaylistUpdate.dll = Lib\Nova.NovaWeb.PlaylistUpdate.dll
		Lib\Nova.NovaWeb.PlayProgramBindAndPublish.dll = Lib\Nova.NovaWeb.PlayProgramBindAndPublish.dll
		Lib\Nova.NovaWeb.PlayProgramBindAndPublish.pdb = Lib\Nova.NovaWeb.PlayProgramBindAndPublish.pdb
		Lib\Nova.NovaWeb.PlayProgramBindAndPublish.XML = Lib\Nova.NovaWeb.PlayProgramBindAndPublish.XML
		Lib\Nova.NovaWeb.PlayProgramCommonLib.dll = Lib\Nova.NovaWeb.PlayProgramCommonLib.dll
		Lib\Nova.NovaWeb.PlayProgramCommonLib.pdb = Lib\Nova.NovaWeb.PlayProgramCommonLib.pdb
		Lib\Nova.NovaWeb.PlayProgramEditor.dll = Lib\Nova.NovaWeb.PlayProgramEditor.dll
		Lib\Nova.NovaWeb.PlayProgramEditor.pdb = Lib\Nova.NovaWeb.PlayProgramEditor.pdb
		Lib\Nova.NovaWeb.PlayProgramExporter.dll = Lib\Nova.NovaWeb.PlayProgramExporter.dll
		Lib\Nova.NovaWeb.PlayProgramExporter.pdb = Lib\Nova.NovaWeb.PlayProgramExporter.pdb
		Lib\Nova.NovaWeb.playProgramInquire.dll = Lib\Nova.NovaWeb.playProgramInquire.dll
		Lib\Nova.NovaWeb.PlayProgramParser.dll = Lib\Nova.NovaWeb.PlayProgramParser.dll
		Lib\Nova.NovaWeb.PlayProgramParser.xml = Lib\Nova.NovaWeb.PlayProgramParser.xml
		Lib\Nova.NovaWeb.PlayProgramPublish.dll = Lib\Nova.NovaWeb.PlayProgramPublish.dll
		Lib\Nova.NovaWeb.PlayProgramPublish.xml = Lib\Nova.NovaWeb.PlayProgramPublish.xml
		Lib\Nova.NovaWeb.PlayProgramTransmitter.dll = Lib\Nova.NovaWeb.PlayProgramTransmitter.dll
		Lib\Nova.NovaWeb.PlayProgramTransmitter.xml = Lib\Nova.NovaWeb.PlayProgramTransmitter.xml
		Lib\Nova.NovaWeb.PlayProgramTransmitter2013.dll = Lib\Nova.NovaWeb.PlayProgramTransmitter2013.dll
		Lib\Nova.NovaWeb.PlayProgramUpdate.dll = Lib\Nova.NovaWeb.PlayProgramUpdate.dll
		Lib\Nova.NovaWeb.PlutoPlayProgramExporterLib.dll = Lib\Nova.NovaWeb.PlutoPlayProgramExporterLib.dll
		Lib\Nova.NovaWeb.PlutoPlayProgramTransmitter.dll = Lib\Nova.NovaWeb.PlutoPlayProgramTransmitter.dll
		Lib\Nova.NovaWeb.Protocol.CommandProtocolParser.dll = Lib\Nova.NovaWeb.Protocol.CommandProtocolParser.dll
		Lib\Nova.NovaWeb.Protocol.CommandProtocolParser.pdb = Lib\Nova.NovaWeb.Protocol.CommandProtocolParser.pdb
		Lib\Nova.NovaWeb.Protocol.SSLInquireParser.dll = Lib\Nova.NovaWeb.Protocol.SSLInquireParser.dll
		Lib\Nova.NovaWeb.Protocol.SystemErrorProtoclParser.dll = Lib\Nova.NovaWeb.Protocol.SystemErrorProtoclParser.dll
		Lib\Nova.NovaWeb.Protocol.SystemErrorProtoclParser.pdb = Lib\Nova.NovaWeb.Protocol.SystemErrorProtoclParser.pdb
		Lib\Nova.NovaWeb.Protocol.TerminalStatusInquireParser.dll = Lib\Nova.NovaWeb.Protocol.TerminalStatusInquireParser.dll
		Lib\Nova.NovaWeb.Protocol.XmlTerminalListFile.dll = Lib\Nova.NovaWeb.Protocol.XmlTerminalListFile.dll
		Lib\Nova.NovaWeb.ProtocolParserObject.dll = Lib\Nova.NovaWeb.ProtocolParserObject.dll
		Lib\Nova.NovaWeb.SystemLangParser.dll = Lib\Nova.NovaWeb.SystemLangParser.dll
		Lib\Nova.NovaWeb.TimeZoneParser.dll = Lib\Nova.NovaWeb.TimeZoneParser.dll
		Lib\Nova.NovaWeb.UI.ImageMontiorFrm.dll = Lib\Nova.NovaWeb.UI.ImageMontiorFrm.dll
		Lib\Nova.NovaWeb.UI.ImageMontiorFrm.dll.config = Lib\Nova.NovaWeb.UI.ImageMontiorFrm.dll.config
		Lib\Nova.NovaWeb.UI.InstantNotificationFrm.dll = Lib\Nova.NovaWeb.UI.InstantNotificationFrm.dll
		Lib\Nova.NovaWeb.UI.InstantNotificationFrm.dll.config = Lib\Nova.NovaWeb.UI.InstantNotificationFrm.dll.config
		Lib\Nova.NovaWeb.UI.InstantNotificationFrm.pdb = Lib\Nova.NovaWeb.UI.InstantNotificationFrm.pdb
		Lib\Nova.NovaWeb.UI.PageSetEmergencyPattern.dll = Lib\Nova.NovaWeb.UI.PageSetEmergencyPattern.dll
		Lib\Nova.NovaWeb.UI.PageSetEmergencyPattern.pdb = Lib\Nova.NovaWeb.UI.PageSetEmergencyPattern.pdb
		Lib\Nova.NovaWeb.UI.PlayLogExportFrm.dll = Lib\Nova.NovaWeb.UI.PlayLogExportFrm.dll
		Lib\Nova.NovaWeb.UI.PlayLogViewFrm.dll = Lib\Nova.NovaWeb.UI.PlayLogViewFrm.dll
		Lib\Nova.NovaWeb.UI.PlayLogViewFrm.dll.config = Lib\Nova.NovaWeb.UI.PlayLogViewFrm.dll.config
		Lib\Nova.NovaWeb.UI.PlayProgramExportForm.dll = Lib\Nova.NovaWeb.UI.PlayProgramExportForm.dll
		Lib\Nova.NovaWeb.UI.PlayProgramExportForm.pdb = Lib\Nova.NovaWeb.UI.PlayProgramExportForm.pdb
		Lib\Nova.NovaWeb.WebServerRequest.dll = Lib\Nova.NovaWeb.WebServerRequest.dll
		Lib\Nova.NovaWeb.Wpf.PlatformTheme.dll = Lib\Nova.NovaWeb.Wpf.PlatformTheme.dll
		Lib\Nova.Parse.DateTimeSchedualParser.dll = Lib\Nova.Parse.DateTimeSchedualParser.dll
		Lib\Nova.Picture.PictureEffectDraw.dll = Lib\Nova.Picture.PictureEffectDraw.dll
		Lib\Nova.Players.CommonPlayer.dll = Lib\Nova.Players.CommonPlayer.dll
		Lib\Nova.Players.CommonPlayer.xml = Lib\Nova.Players.CommonPlayer.xml
		Lib\Nova.Players.MediaItemPlayer.dll = Lib\Nova.Players.MediaItemPlayer.dll
		Lib\Nova.Players.MediaItemPlayer.xml = Lib\Nova.Players.MediaItemPlayer.xml
		Lib\Nova.Pluto.ClientCommonFile.dll = Lib\Nova.Pluto.ClientCommonFile.dll
		Lib\Nova.Pluto.HWDataSerialization.dll = Lib\Nova.Pluto.HWDataSerialization.dll
		Lib\Nova.Pluto.KeyFile.dll = Lib\Nova.Pluto.KeyFile.dll
		Lib\Nova.Pluto.PlayLogTxtSaveXml.dll = Lib\Nova.Pluto.PlayLogTxtSaveXml.dll
		Lib\Nova.Pluto.PlutoManager.Common.dll = Lib\Nova.Pluto.PlutoManager.Common.dll
		Lib\Nova.Pluto.PlutoManager.Enum.dll = Lib\Nova.Pluto.PlutoManager.Enum.dll
		Lib\Nova.Pluto.PlutoManager.UI.MediaConvertor.dll = Lib\Nova.Pluto.PlutoManager.UI.MediaConvertor.dll
		Lib\Nova.Process.ShareMemory.dll = Lib\Nova.Process.ShareMemory.dll
		Lib\Nova.Resource.Language.MultiLanguageUtils.dll = Lib\Nova.Resource.Language.MultiLanguageUtils.dll
		Lib\Nova.Rss.RssParser.dll = Lib\Nova.Rss.RssParser.dll
		Lib\Nova.Runtime.APIFunction.dll = Lib\Nova.Runtime.APIFunction.dll
		Lib\Nova.Runtime.Serialization.DataAccessor.dll = Lib\Nova.Runtime.Serialization.DataAccessor.dll
		Lib\Nova.Security.AESEncryption.dll = Lib\Nova.Security.AESEncryption.dll
		Lib\Nova.Studio.Codec.Md5Caculator.dll = Lib\Nova.Studio.Codec.Md5Caculator.dll
		Lib\Nova.Studio.Player.EmergencyInsertPlayer.dll = Lib\Nova.Studio.Player.EmergencyInsertPlayer.dll
		Lib\Nova.Studio.Player.EmergencyInsertPlayer.XML = Lib\Nova.Studio.Player.EmergencyInsertPlayer.XML
		Lib\Nova.Studio.Player.NotificationPlayer.dll = Lib\Nova.Studio.Player.NotificationPlayer.dll
		Lib\Nova.Studio.Player.NotificationPlayer.XML = Lib\Nova.Studio.Player.NotificationPlayer.XML
		Lib\Nova.Studio.UI.DisplayScreen.dll = Lib\Nova.Studio.UI.DisplayScreen.dll
		Lib\Nova.Studio.UI.MediaPropertyUC.dll = Lib\Nova.Studio.UI.MediaPropertyUC.dll
		Lib\Nova.Studio.UI.PlayInfoOfPagePlaylist.dll = Lib\Nova.Studio.UI.PlayInfoOfPagePlaylist.dll
		Lib\Nova.Studio.UI.PlayInfoUI.dll = Lib\Nova.Studio.UI.PlayInfoUI.dll
		Lib\Nova.Studio.UI.PlayInfoUI.xml = Lib\Nova.Studio.UI.PlayInfoUI.xml
		Lib\Nova.Studio.UI.PlayProgramEditor.dll = Lib\Nova.Studio.UI.PlayProgramEditor.dll
		Lib\Nova.Systems.TimeZoneHelper.dll = Lib\Nova.Systems.TimeZoneHelper.dll
		Lib\Nova.Systems.TimeZoneTable.dll = Lib\Nova.Systems.TimeZoneTable.dll
		Lib\Nova.Text.TextEffectDraw.dll = Lib\Nova.Text.TextEffectDraw.dll
		Lib\Nova.Time.DateTimeParse.dll = Lib\Nova.Time.DateTimeParse.dll
		Lib\Nova.Weather.CityWeatherCodeLoader.dll = Lib\Nova.Weather.CityWeatherCodeLoader.dll
		Lib\Nova.Windows.ChildForm.dll = Lib\Nova.Windows.ChildForm.dll
		Lib\Nova.Windows.ChildForm.xml = Lib\Nova.Windows.ChildForm.xml
		Lib\Nova.Windows.Forms.CustomMessageBox.dll = Lib\Nova.Windows.Forms.CustomMessageBox.dll
		Lib\Nova.Windows.Forms.MultiLanguageForm.dll = Lib\Nova.Windows.Forms.MultiLanguageForm.dll
		Lib\Nova.Windows.Forms.ThemeForm.dll = Lib\Nova.Windows.Forms.ThemeForm.dll
		Lib\Nova.Xml.PagePlaylistFile.dll = Lib\Nova.Xml.PagePlaylistFile.dll
		Lib\Nova.Xml.PagePlaylistFile.xml = Lib\Nova.Xml.PagePlaylistFile.xml
		Lib\Nova.Xml.PagePlaylistLog.dll = Lib\Nova.Xml.PagePlaylistLog.dll
		Lib\Nova.Xml.PagePlaylistLog.xml = Lib\Nova.Xml.PagePlaylistLog.xml
		Lib\Nova.Xml.PlayProgramXmlFile.dll = Lib\Nova.Xml.PlayProgramXmlFile.dll
		Lib\Nova.Xml.PlayProgramXmlFile.xml = Lib\Nova.Xml.PlayProgramXmlFile.xml
		Lib\Nova.Xml.SchedualFileOfPlaylist.dll = Lib\Nova.Xml.SchedualFileOfPlaylist.dll
		Lib\Nova.Xml.Serialization.XmlSerializableObject.dll = Lib\Nova.Xml.Serialization.XmlSerializableObject.dll
		Lib\Nova.Xml.XmlFile.dll = Lib\Nova.Xml.XmlFile.dll
		Lib\Nova.Zip.CompressionText.dll = Lib\Nova.Zip.CompressionText.dll
		Lib\NPOI.dll = Lib\NPOI.dll
		Lib\NPOI.OOXML.dll = Lib\NPOI.OOXML.dll
		Lib\NPOI.OpenXml4Net.dll = Lib\NPOI.OpenXml4Net.dll
		Lib\NPOI.OpenXmlFormats.dll = Lib\NPOI.OpenXmlFormats.dll
		Lib\OutlookBar.dll = Lib\OutlookBar.dll
		Lib\OutlookGridControl.dll = Lib\OutlookGridControl.dll
		Lib\PieChartControls.dll = Lib\PieChartControls.dll
		Lib\PlayProgramBindAndPublish.zh-CN.resources = Lib\PlayProgramBindAndPublish.zh-CN.resources
		Lib\PlayProgramBindAndPublishTest.pdb = Lib\PlayProgramBindAndPublishTest.pdb
		Lib\PlayProgramEditorTest.exe.config = Lib\PlayProgramEditorTest.exe.config
		Lib\PlayProgramEditorTest.vshost.exe.config = Lib\PlayProgramEditorTest.vshost.exe.config
		Lib\PlayProgramPublish.zh-CN.resources = Lib\PlayProgramPublish.zh-CN.resources
		Lib\PlutoPowerPlanParser.dll = Lib\PlutoPowerPlanParser.dll
		Lib\ProgressControls.dll = Lib\ProgressControls.dll
		Lib\System.Reactive.Core.dll = Lib\System.Reactive.Core.dll
		Lib\System.Reactive.Interfaces.dll = Lib\System.Reactive.Interfaces.dll
		Lib\System.Reactive.Linq.dll = Lib\System.Reactive.Linq.dll
		Lib\System.Reactive.PlatformServices.dll = Lib\System.Reactive.PlatformServices.dll
		Lib\System.Reactive.Runtime.Remoting.dll = Lib\System.Reactive.Runtime.Remoting.dll
		Lib\System.Reactive.Windows.Forms.dll = Lib\System.Reactive.Windows.Forms.dll
		Lib\System.Windows.Interactivity.dll = Lib\System.Windows.Interactivity.dll
		Lib\ToggleSwitch.dll = Lib\ToggleSwitch.dll
		Lib\weatherData.xml = Lib\weatherData.xml
		Lib\Xceed.Wpf.Toolkit.dll = Lib\Xceed.Wpf.Toolkit.dll
		Lib\XCoolForm.dll = Lib\XCoolForm.dll
	EndProjectSection
EndProject
Project("{FAE04EC0-301F-11D3-BF4B-00C04F79EFBC}") = "Nova.NovaWeb.McGo.Module.PublishSchedule", "Nova.NovaWeb.McGo.Module.PublishSchedule\Nova.NovaWeb.McGo.Module.PublishSchedule.csproj", "{B188BD2C-A0D6-41BD-9D3A-90B2EA783037}"
EndProject
Project("{FAE04EC0-301F-11D3-BF4B-00C04F79EFBC}") = "Nova.NovaWeb.McGo.Utilities", "Nova.NovaWeb.McGo.Utilities\Nova.NovaWeb.McGo.Utilities.csproj", "{5B2046A2-2362-49E0-B5F3-05616A7AA74B}"
EndProject
Project("{FAE04EC0-301F-11D3-BF4B-00C04F79EFBC}") = "ConvertedPlayProgramModify", "F:\!Progect\common\lib\ConvertedPlayProgramModify\src\ConvertedPlayProgramModify\ConvertedPlayProgramModify.csproj", "{C61FE71E-5FCD-4173-8C6A-70756A0BF35F}"
EndProject
Global
	GlobalSection(SolutionConfigurationPlatforms) = preSolution
		Debug|Any CPU = Debug|Any CPU
		Debug|Mixed Platforms = Debug|Mixed Platforms
		Debug|x86 = Debug|x86
		Release|Any CPU = Release|Any CPU
		Release|Mixed Platforms = Release|Mixed Platforms
		Release|x86 = Release|x86
	EndGlobalSection
	GlobalSection(ProjectConfigurationPlatforms) = postSolution
		{D8D93092-A280-4E0E-8D31-F7AA6AEB800D}.Debug|Any CPU.ActiveCfg = Debug|Any CPU
		{D8D93092-A280-4E0E-8D31-F7AA6AEB800D}.Debug|Any CPU.Build.0 = Debug|Any CPU
		{D8D93092-A280-4E0E-8D31-F7AA6AEB800D}.Debug|Mixed Platforms.ActiveCfg = Debug|Any CPU
		{D8D93092-A280-4E0E-8D31-F7AA6AEB800D}.Debug|Mixed Platforms.Build.0 = Debug|Any CPU
		{D8D93092-A280-4E0E-8D31-F7AA6AEB800D}.Debug|x86.ActiveCfg = Debug|Any CPU
		{D8D93092-A280-4E0E-8D31-F7AA6AEB800D}.Release|Any CPU.ActiveCfg = Release|Any CPU
		{D8D93092-A280-4E0E-8D31-F7AA6AEB800D}.Release|Any CPU.Build.0 = Release|Any CPU
		{D8D93092-A280-4E0E-8D31-F7AA6AEB800D}.Release|Mixed Platforms.ActiveCfg = Release|Any CPU
		{D8D93092-A280-4E0E-8D31-F7AA6AEB800D}.Release|Mixed Platforms.Build.0 = Release|Any CPU
		{D8D93092-A280-4E0E-8D31-F7AA6AEB800D}.Release|x86.ActiveCfg = Release|Any CPU
		{CF94A11E-F3C0-4ECD-BB96-04914DA32010}.Debug|Any CPU.ActiveCfg = Debug|Any CPU
		{CF94A11E-F3C0-4ECD-BB96-04914DA32010}.Debug|Any CPU.Build.0 = Debug|Any CPU
		{CF94A11E-F3C0-4ECD-BB96-04914DA32010}.Debug|Mixed Platforms.ActiveCfg = Debug|Any CPU
		{CF94A11E-F3C0-4ECD-BB96-04914DA32010}.Debug|Mixed Platforms.Build.0 = Debug|Any CPU
		{CF94A11E-F3C0-4ECD-BB96-04914DA32010}.Debug|x86.ActiveCfg = Debug|Any CPU
		{CF94A11E-F3C0-4ECD-BB96-04914DA32010}.Release|Any CPU.ActiveCfg = Release|Any CPU
		{CF94A11E-F3C0-4ECD-BB96-04914DA32010}.Release|Any CPU.Build.0 = Release|Any CPU
		{CF94A11E-F3C0-4ECD-BB96-04914DA32010}.Release|Mixed Platforms.ActiveCfg = Release|Any CPU
		{CF94A11E-F3C0-4ECD-BB96-04914DA32010}.Release|Mixed Platforms.Build.0 = Release|Any CPU
		{CF94A11E-F3C0-4ECD-BB96-04914DA32010}.Release|x86.ActiveCfg = Release|Any CPU
		{23269920-496E-42FB-B951-5127581925FE}.Debug|Any CPU.ActiveCfg = Debug|Any CPU
		{23269920-496E-42FB-B951-5127581925FE}.Debug|Any CPU.Build.0 = Debug|Any CPU
		{23269920-496E-42FB-B951-5127581925FE}.Debug|Mixed Platforms.ActiveCfg = Debug|Any CPU
		{23269920-496E-42FB-B951-5127581925FE}.Debug|Mixed Platforms.Build.0 = Debug|Any CPU
		{23269920-496E-42FB-B951-5127581925FE}.Debug|x86.ActiveCfg = Debug|Any CPU
		{23269920-496E-42FB-B951-5127581925FE}.Release|Any CPU.ActiveCfg = Release|Any CPU
		{23269920-496E-42FB-B951-5127581925FE}.Release|Any CPU.Build.0 = Release|Any CPU
		{23269920-496E-42FB-B951-5127581925FE}.Release|Mixed Platforms.ActiveCfg = Release|Any CPU
		{23269920-496E-42FB-B951-5127581925FE}.Release|Mixed Platforms.Build.0 = Release|Any CPU
		{23269920-496E-42FB-B951-5127581925FE}.Release|x86.ActiveCfg = Release|Any CPU
		{832060B8-DE2E-42DD-8F02-2E2DBF90676B}.Debug|Any CPU.ActiveCfg = Debug|Any CPU
		{832060B8-DE2E-42DD-8F02-2E2DBF90676B}.Debug|Any CPU.Build.0 = Debug|Any CPU
		{832060B8-DE2E-42DD-8F02-2E2DBF90676B}.Debug|Mixed Platforms.ActiveCfg = Debug|Any CPU
		{832060B8-DE2E-42DD-8F02-2E2DBF90676B}.Debug|Mixed Platforms.Build.0 = Debug|Any CPU
		{832060B8-DE2E-42DD-8F02-2E2DBF90676B}.Debug|x86.ActiveCfg = Debug|Any CPU
		{832060B8-DE2E-42DD-8F02-2E2DBF90676B}.Release|Any CPU.ActiveCfg = Release|Any CPU
		{832060B8-DE2E-42DD-8F02-2E2DBF90676B}.Release|Any CPU.Build.0 = Release|Any CPU
		{832060B8-DE2E-42DD-8F02-2E2DBF90676B}.Release|Mixed Platforms.ActiveCfg = Release|Any CPU
		{832060B8-DE2E-42DD-8F02-2E2DBF90676B}.Release|Mixed Platforms.Build.0 = Release|Any CPU
		{832060B8-DE2E-42DD-8F02-2E2DBF90676B}.Release|x86.ActiveCfg = Release|Any CPU
		{EA1348A4-BCD6-4F36-9137-FEC454509365}.Debug|Any CPU.ActiveCfg = Debug|Any CPU
		{EA1348A4-BCD6-4F36-9137-FEC454509365}.Debug|Any CPU.Build.0 = Debug|Any CPU
		{EA1348A4-BCD6-4F36-9137-FEC454509365}.Debug|Mixed Platforms.ActiveCfg = Debug|Any CPU
		{EA1348A4-BCD6-4F36-9137-FEC454509365}.Debug|Mixed Platforms.Build.0 = Debug|Any CPU
		{EA1348A4-BCD6-4F36-9137-FEC454509365}.Debug|x86.ActiveCfg = Debug|Any CPU
		{EA1348A4-BCD6-4F36-9137-FEC454509365}.Release|Any CPU.ActiveCfg = Release|Any CPU
		{EA1348A4-BCD6-4F36-9137-FEC454509365}.Release|Any CPU.Build.0 = Release|Any CPU
		{EA1348A4-BCD6-4F36-9137-FEC454509365}.Release|Mixed Platforms.ActiveCfg = Release|Any CPU
		{EA1348A4-BCD6-4F36-9137-FEC454509365}.Release|Mixed Platforms.Build.0 = Release|Any CPU
		{EA1348A4-BCD6-4F36-9137-FEC454509365}.Release|x86.ActiveCfg = Release|Any CPU
		{5874D065-74DA-464B-89D7-1D39FE023F62}.Debug|Any CPU.ActiveCfg = Debug|Any CPU
		{5874D065-74DA-464B-89D7-1D39FE023F62}.Debug|Any CPU.Build.0 = Debug|Any CPU
		{5874D065-74DA-464B-89D7-1D39FE023F62}.Debug|Mixed Platforms.ActiveCfg = Debug|Any CPU
		{5874D065-74DA-464B-89D7-1D39FE023F62}.Debug|Mixed Platforms.Build.0 = Debug|Any CPU
		{5874D065-74DA-464B-89D7-1D39FE023F62}.Debug|x86.ActiveCfg = Debug|Any CPU
		{5874D065-74DA-464B-89D7-1D39FE023F62}.Release|Any CPU.ActiveCfg = Release|Any CPU
		{5874D065-74DA-464B-89D7-1D39FE023F62}.Release|Any CPU.Build.0 = Release|Any CPU
		{5874D065-74DA-464B-89D7-1D39FE023F62}.Release|Mixed Platforms.ActiveCfg = Release|Any CPU
		{5874D065-74DA-464B-89D7-1D39FE023F62}.Release|Mixed Platforms.Build.0 = Release|Any CPU
		{5874D065-74DA-464B-89D7-1D39FE023F62}.Release|x86.ActiveCfg = Release|Any CPU
		{D1A38015-45F1-4891-8DBD-570899669344}.Debug|Any CPU.ActiveCfg = Debug|Any CPU
		{D1A38015-45F1-4891-8DBD-570899669344}.Debug|Any CPU.Build.0 = Debug|Any CPU
		{D1A38015-45F1-4891-8DBD-570899669344}.Debug|Mixed Platforms.ActiveCfg = Debug|Any CPU
		{D1A38015-45F1-4891-8DBD-570899669344}.Debug|Mixed Platforms.Build.0 = Debug|Any CPU
		{D1A38015-45F1-4891-8DBD-570899669344}.Debug|x86.ActiveCfg = Debug|Any CPU
		{D1A38015-45F1-4891-8DBD-570899669344}.Release|Any CPU.ActiveCfg = Release|Any CPU
		{D1A38015-45F1-4891-8DBD-570899669344}.Release|Any CPU.Build.0 = Release|Any CPU
		{D1A38015-45F1-4891-8DBD-570899669344}.Release|Mixed Platforms.ActiveCfg = Release|Any CPU
		{D1A38015-45F1-4891-8DBD-570899669344}.Release|Mixed Platforms.Build.0 = Release|Any CPU
		{D1A38015-45F1-4891-8DBD-570899669344}.Release|x86.ActiveCfg = Release|Any CPU
		{B188BD2C-A0D6-41BD-9D3A-90B2EA783037}.Debug|Any CPU.ActiveCfg = Debug|Any CPU
		{B188BD2C-A0D6-41BD-9D3A-90B2EA783037}.Debug|Any CPU.Build.0 = Debug|Any CPU
		{B188BD2C-A0D6-41BD-9D3A-90B2EA783037}.Debug|Mixed Platforms.ActiveCfg = Debug|Any CPU
		{B188BD2C-A0D6-41BD-9D3A-90B2EA783037}.Debug|Mixed Platforms.Build.0 = Debug|Any CPU
		{B188BD2C-A0D6-41BD-9D3A-90B2EA783037}.Debug|x86.ActiveCfg = Debug|Any CPU
		{B188BD2C-A0D6-41BD-9D3A-90B2EA783037}.Release|Any CPU.ActiveCfg = Release|Any CPU
		{B188BD2C-A0D6-41BD-9D3A-90B2EA783037}.Release|Any CPU.Build.0 = Release|Any CPU
		{B188BD2C-A0D6-41BD-9D3A-90B2EA783037}.Release|Mixed Platforms.ActiveCfg = Release|Any CPU
		{B188BD2C-A0D6-41BD-9D3A-90B2EA783037}.Release|Mixed Platforms.Build.0 = Release|Any CPU
		{B188BD2C-A0D6-41BD-9D3A-90B2EA783037}.Release|x86.ActiveCfg = Release|Any CPU
		{5B2046A2-2362-49E0-B5F3-05616A7AA74B}.Debug|Any CPU.ActiveCfg = Debug|Any CPU
		{5B2046A2-2362-49E0-B5F3-05616A7AA74B}.Debug|Any CPU.Build.0 = Debug|Any CPU
		{5B2046A2-2362-49E0-B5F3-05616A7AA74B}.Debug|Mixed Platforms.ActiveCfg = Debug|Any CPU
		{5B2046A2-2362-49E0-B5F3-05616A7AA74B}.Debug|Mixed Platforms.Build.0 = Debug|Any CPU
		{5B2046A2-2362-49E0-B5F3-05616A7AA74B}.Debug|x86.ActiveCfg = Debug|Any CPU
		{5B2046A2-2362-49E0-B5F3-05616A7AA74B}.Release|Any CPU.ActiveCfg = Release|Any CPU
		{5B2046A2-2362-49E0-B5F3-05616A7AA74B}.Release|Any CPU.Build.0 = Release|Any CPU
		{5B2046A2-2362-49E0-B5F3-05616A7AA74B}.Release|Mixed Platforms.ActiveCfg = Release|Any CPU
		{5B2046A2-2362-49E0-B5F3-05616A7AA74B}.Release|Mixed Platforms.Build.0 = Release|Any CPU
		{5B2046A2-2362-49E0-B5F3-05616A7AA74B}.Release|x86.ActiveCfg = Release|Any CPU
		{C61FE71E-5FCD-4173-8C6A-70756A0BF35F}.Debug|Any CPU.ActiveCfg = Debug|Any CPU
		{C61FE71E-5FCD-4173-8C6A-70756A0BF35F}.Debug|Any CPU.Build.0 = Debug|Any CPU
		{C61FE71E-5FCD-4173-8C6A-70756A0BF35F}.Debug|Mixed Platforms.ActiveCfg = Debug|Any CPU
		{C61FE71E-5FCD-4173-8C6A-70756A0BF35F}.Debug|Mixed Platforms.Build.0 = Debug|Any CPU
		{C61FE71E-5FCD-4173-8C6A-70756A0BF35F}.Debug|x86.ActiveCfg = Debug|Any CPU
		{C61FE71E-5FCD-4173-8C6A-70756A0BF35F}.Release|Any CPU.ActiveCfg = Release|Any CPU
		{C61FE71E-5FCD-4173-8C6A-70756A0BF35F}.Release|Any CPU.Build.0 = Release|Any CPU
		{C61FE71E-5FCD-4173-8C6A-70756A0BF35F}.Release|Mixed Platforms.ActiveCfg = Release|Any CPU
		{C61FE71E-5FCD-4173-8C6A-70756A0BF35F}.Release|Mixed Platforms.Build.0 = Release|Any CPU
		{C61FE71E-5FCD-4173-8C6A-70756A0BF35F}.Release|x86.ActiveCfg = Release|Any CPU
	EndGlobalSection
	GlobalSection(SolutionProperties) = preSolution
		HideSolutionNode = FALSE
	EndGlobalSection
	GlobalSection(NestedProjects) = preSolution
		{D8D93092-A280-4E0E-8D31-F7AA6AEB800D} = {57297B80-2457-403F-AF62-CACEBD9E3A67}
		{23269920-496E-42FB-B951-5127581925FE} = {57297B80-2457-403F-AF62-CACEBD9E3A67}
		{832060B8-DE2E-42DD-8F02-2E2DBF90676B} = {57297B80-2457-403F-AF62-CACEBD9E3A67}
		{EA1348A4-BCD6-4F36-9137-FEC454509365} = {CD49A971-BE4B-4C91-ACA8-8F76BFF4F27F}
		{5874D065-74DA-464B-89D7-1D39FE023F62} = {CD49A971-BE4B-4C91-ACA8-8F76BFF4F27F}
		{D1A38015-45F1-4891-8DBD-570899669344} = {CD49A971-BE4B-4C91-ACA8-8F76BFF4F27F}
		{B188BD2C-A0D6-41BD-9D3A-90B2EA783037} = {6454C565-8D69-45E9-AE28-FB1B29B3D178}
		{5B2046A2-2362-49E0-B5F3-05616A7AA74B} = {CD49A971-BE4B-4C91-ACA8-8F76BFF4F27F}
	EndGlobalSection
EndGlobal
